{
  "name": "epii-uni-eapp-project",
  "version": "1.0.0",
  "lockfileVersion": 1,
  "requires": true,
  "dependencies": {
    "eapp-uni": {
      "version": "0.0.1",
      "resolved": "https://registry.npmjs.org/eapp-uni/-/eapp-uni-0.0.1.tgz",
      "integrity": "sha512-A3wloRAk4+ZYLR9y+CEHmaixKsEzfDfvXo+KqprmflD/848p94Aka/oUHk1b7g1lFRRwCEKdSTazNOBMxURYlA=="
    }
  }
}
